
Microsoft Visual Studio Solution File, Format Version 12.00
# Visual Studio Version 16
VisualStudioVersion = 16.0.35130.168
MinimumVisualStudioVersion = 10.0.40219.1
Project("{FAE04EC0-301F-11D3-BF4B-00C04F79EFBC}") = "EJ autos bicis camiones", "EJ autos bicis camiones\EJ autos bicis camiones.csproj", "{C64A7A56-F37A-4D32-86AC-1693F68988A8}"
EndProject
Global
	GlobalSection(SolutionConfigurationPlatforms) = preSolution
		Debug|Any CPU = Debug|Any CPU
		Release|Any CPU = Release|Any CPU
	EndGlobalSection
	GlobalSection(ProjectConfigurationPlatforms) = postSolution
		{C64A7A56-F37A-4D32-86AC-1693F68988A8}.Debug|Any CPU.ActiveCfg = Debug|Any CPU
		{C64A7A56-F37A-4D32-86AC-1693F68988A8}.Debug|Any CPU.Build.0 = Debug|Any CPU
		{C64A7A56-F37A-4D32-86AC-1693F68988A8}.Release|Any CPU.ActiveCfg = Release|Any CPU
		{C64A7A56-F37A-4D32-86AC-1693F68988A8}.Release|Any CPU.Build.0 = Release|Any CPU
	EndGlobalSection
	GlobalSection(SolutionProperties) = preSolution
		HideSolutionNode = FALSE
	EndGlobalSection
	GlobalSection(ExtensibilityGlobals) = postSolution
		SolutionGuid = {380806AE-0BE0-4A45-BA67-6BCE5692F5AF}
	EndGlobalSection
EndGlobal
