
Microsoft Visual Studio Solution File, Format Version 12.00
# Visual Studio Version 16
VisualStudioVersion = 16.0.35731.53
MinimumVisualStudioVersion = 10.0.40219.1
Project("{FAE04EC0-301F-11D3-BF4B-00C04F79EFBC}") = "Ejercicio 2", "Ejercicio 2\Ejercicio 2.csproj", "{30F6BF3C-D037-4681-A518-AD4931A0E103}"
EndProject
Global
	GlobalSection(SolutionConfigurationPlatforms) = preSolution
		Debug|Any CPU = Debug|Any CPU
		Release|Any CPU = Release|Any CPU
	EndGlobalSection
	GlobalSection(ProjectConfigurationPlatforms) = postSolution
		{30F6BF3C-D037-4681-A518-AD4931A0E103}.Debug|Any CPU.ActiveCfg = Debug|Any CPU
		{30F6BF3C-D037-4681-A518-AD4931A0E103}.Debug|Any CPU.Build.0 = Debug|Any CPU
		{30F6BF3C-D037-4681-A518-AD4931A0E103}.Release|Any CPU.ActiveCfg = Release|Any CPU
		{30F6BF3C-D037-4681-A518-AD4931A0E103}.Release|Any CPU.Build.0 = Release|Any CPU
	EndGlobalSection
	GlobalSection(SolutionProperties) = preSolution
		HideSolutionNode = FALSE
	EndGlobalSection
	GlobalSection(ExtensibilityGlobals) = postSolution
		SolutionGuid = {DF8CA5BD-C900-4957-B69E-BD6F95A36B0F}
	EndGlobalSection
EndGlobal
